
Microsoft Visual Studio Solution File, Format Version 12.00
# Visual Studio 15
VisualStudioVersion = 15.0.27130.2036
MinimumVisualStudioVersion = 10.0.40219.1
Project("{FAE04EC0-301F-11D3-BF4B-00C04F79EFBC}") = "AdvancedTankControl", "AdvancedTankControl\AdvancedTankControl.csproj", "{781491F0-FF5D-4C95-A209-3546D93F433C}"
EndProject
Global
	GlobalSection(SolutionConfigurationPlatforms) = preSolution
		Debug|Any CPU = Debug|Any CPU
		Release|Any CPU = Release|Any CPU
	EndGlobalSection
	GlobalSection(ProjectConfigurationPlatforms) = postSolution
		{781491F0-FF5D-4C95-A209-3546D93F433C}.Debug|Any CPU.ActiveCfg = Debug|Any CPU
		{781491F0-FF5D-4C95-A209-3546D93F433C}.Debug|Any CPU.Build.0 = Debug|Any CPU
		{781491F0-FF5D-4C95-A209-3546D93F433C}.Release|Any CPU.ActiveCfg = Release|Any CPU
		{781491F0-FF5D-4C95-A209-3546D93F433C}.Release|Any CPU.Build.0 = Release|Any CPU
	EndGlobalSection
	GlobalSection(SolutionProperties) = preSolution
		HideSolutionNode = FALSE
	EndGlobalSection
	GlobalSection(ExtensibilityGlobals) = postSolution
		SolutionGuid = {1BF98EFE-78B9-4E82-8D9E-E82DF53ED665}
	EndGlobalSection
EndGlobal
